// !$*UTF8*$!
{
	archiveVersion = 1;
	classes = {
	};
	objectVersion = 50;
	objects = {

/* Begin PBXBuildFile section */
		ABF0562D4912594C2A79D773 /* Pods_TriumphSwiftTest.framework in Frameworks */ = {isa = PBXBuildFile; fileRef = 464FEA466F4D97AD3991131E /* Pods_TriumphSwiftTest.framework */; };
		E519767B26D6D3A500CEB1DE /* AppDelegate.swift in Sources */ = {isa = PBXBuildFile; fileRef = E519767A26D6D3A500CEB1DE /* AppDelegate.swift */; };
		E519767D26D6D3A500CEB1DE /* SceneDelegate.swift in Sources */ = {isa = PBXBuildFile; fileRef = E519767C26D6D3A500CEB1DE /* SceneDelegate.swift */; };
		E519767F26D6D3A500CEB1DE /* ViewController.swift in Sources */ = {isa = PBXBuildFile; fileRef = E519767E26D6D3A500CEB1DE /* ViewController.swift */; };
		E519768226D6D3A500CEB1DE /* Main.storyboard in Resources */ = {isa = PBXBuildFile; fileRef = E519768026D6D3A500CEB1DE /* Main.storyboard */; };
		E519768426D6D3A600CEB1DE /* Assets.xcassets in Resources */ = {isa = PBXBuildFile; fileRef = E519768326D6D3A600CEB1DE /* Assets.xcassets */; };
		E519768726D6D3A600CEB1DE /* LaunchScreen.storyboard in Resources */ = {isa = PBXBuildFile; fileRef = E519768526D6D3A600CEB1DE /* LaunchScreen.storyboard */; };
/* End PBXBuildFile section */

/* Begin PBXFileReference section */
		464FEA466F4D97AD3991131E /* Pods_TriumphSwiftTest.framework */ = {isa = PBXFileReference; explicitFileType = wrapper.framework; includeInIndex = 0; path = Pods_TriumphSwiftTest.framework; sourceTree = BUILT_PRODUCTS_DIR; };
		BFAE9486D4DF7A229854B6FC /* Pods-TriumphSwiftTest.release.xcconfig */ = {isa = PBXFileReference; includeInIndex = 1; lastKnownFileType = text.xcconfig; name = "Pods-TriumphSwiftTest.release.xcconfig"; path = "Target Support Files/Pods-TriumphSwiftTest/Pods-TriumphSwiftTest.release.xcconfig"; sourceTree = "<group>"; };
		C46BCBE10D658A234700C1F9 /* Pods-TriumphSwiftTest.debug.xcconfig */ = {isa = PBXFileReference; includeInIndex = 1; lastKnownFileType = text.xcconfig; name = "Pods-TriumphSwiftTest.debug.xcconfig"; path = "Target Support Files/Pods-TriumphSwiftTest/Pods-TriumphSwiftTest.debug.xcconfig"; sourceTree = "<group>"; };
		E519767726D6D3A500CEB1DE /* TriumphSwiftTest.app */ = {isa = PBXFileReference; explicitFileType = wrapper.application; includeInIndex = 0; path = TriumphSwiftTest.app; sourceTree = BUILT_PRODUCTS_DIR; };
		E519767A26D6D3A500CEB1DE /* AppDelegate.swift */ = {isa = PBXFileReference; lastKnownFileType = sourcecode.swift; path = AppDelegate.swift; sourceTree = "<group>"; };
		E519767C26D6D3A500CEB1DE /* SceneDelegate.swift */ = {isa = PBXFileReference; lastKnownFileType = sourcecode.swift; path = SceneDelegate.swift; sourceTree = "<group>"; };
		E519767E26D6D3A500CEB1DE /* ViewController.swift */ = {isa = PBXFileReference; lastKnownFileType = sourcecode.swift; path = ViewController.swift; sourceTree = "<group>"; };
		E519768126D6D3A500CEB1DE /* Base */ = {isa = PBXFileReference; lastKnownFileType = file.storyboard; name = Base; path = Base.lproj/Main.storyboard; sourceTree = "<group>"; };
		E519768326D6D3A600CEB1DE /* Assets.xcassets */ = {isa = PBXFileReference; lastKnownFileType = folder.assetcatalog; path = Assets.xcassets; sourceTree = "<group>"; };
		E519768626D6D3A600CEB1DE /* Base */ = {isa = PBXFileReference; lastKnownFileType = file.storyboard; name = Base; path = Base.lproj/LaunchScreen.storyboard; sourceTree = "<group>"; };
		E519768826D6D3A600CEB1DE /* Info.plist */ = {isa = PBXFileReference; lastKnownFileType = text.plist.xml; path = Info.plist; sourceTree = "<group>"; };
/* End PBXFileReference section */

/* Begin PBXFrameworksBuildPhase section */
		E519767426D6D3A500CEB1DE /* Frameworks */ = {
			isa = PBXFrameworksBuildPhase;
			buildActionMask = 2147483647;
			files = (
				ABF0562D4912594C2A79D773 /* Pods_TriumphSwiftTest.framework in Frameworks */,
			);
			runOnlyForDeploymentPostprocessing = 0;
		};
/* End PBXFrameworksBuildPhase section */

/* Begin PBXGroup section */
		0E0220AF0F003FFA5B110F92 /* Frameworks */ = {
			isa = PBXGroup;
			children = (
				464FEA466F4D97AD3991131E /* Pods_TriumphSwiftTest.framework */,
			);
			name = Frameworks;
			sourceTree = "<group>";
		};
		20B9BA3ACF0645095D5F78A6 /* Pods */ = {
			isa = PBXGroup;
			children = (
				C46BCBE10D658A234700C1F9 /* Pods-TriumphSwiftTest.debug.xcconfig */,
				BFAE9486D4DF7A229854B6FC /* Pods-TriumphSwiftTest.release.xcconfig */,
			);
			name = Pods;
			path = Pods;
			sourceTree = "<group>";
		};
		E519766E26D6D3A500CEB1DE = {
			isa = PBXGroup;
			children = (
				E519767926D6D3A500CEB1DE /* TriumphSwiftTest */,
				E519767826D6D3A500CEB1DE /* Products */,
				20B9BA3ACF0645095D5F78A6 /* Pods */,
				0E0220AF0F003FFA5B110F92 /* Frameworks */,
			);
			sourceTree = "<group>";
		};
		E519767826D6D3A500CEB1DE /* Products */ = {
			isa = PBXGroup;
			children = (
				E519767726D6D3A500CEB1DE /* TriumphSwiftTest.app */,
			);
			name = Products;
			sourceTree = "<group>";
		};
		E519767926D6D3A500CEB1DE /* TriumphSwiftTest */ = {
			isa = PBXGroup;
			children = (
				E519767A26D6D3A500CEB1DE /* AppDelegate.swift */,
				E519767C26D6D3A500CEB1DE /* SceneDelegate.swift */,
				E519767E26D6D3A500CEB1DE /* ViewController.swift */,
				E519768026D6D3A500CEB1DE /* Main.storyboard */,
				E519768326D6D3A600CEB1DE /* Assets.xcassets */,
				E519768526D6D3A600CEB1DE /* LaunchScreen.storyboard */,
				E519768826D6D3A600CEB1DE /* Info.plist */,
			);
			path = TriumphSwiftTest;
			sourceTree = "<group>";
		};
/* End PBXGroup section */

/* Begin PBXNativeTarget section */
		E519767626D6D3A500CEB1DE /* TriumphSwiftTest */ = {
			isa = PBXNativeTarget;
			buildConfigurationList = E519768B26D6D3A600CEB1DE /* Build configuration list for PBXNativeTarget "TriumphSwiftTest" */;
			buildPhases = (
				5A2DBA0522FFE57E65338B3E /* [CP] Check Pods Manifest.lock */,
				E519767326D6D3A500CEB1DE /* Sources */,
				E519767426D6D3A500CEB1DE /* Frameworks */,
				E519767526D6D3A500CEB1DE /* Resources */,
			);
			buildRules = (
			);
			dependencies = (
			);
			name = TriumphSwiftTest;
			productName = TriumphSwiftTest;
			productReference = E519767726D6D3A500CEB1DE /* TriumphSwiftTest.app */;
			productType = "com.apple.product-type.application";
		};
/* End PBXNativeTarget section */

/* Begin PBXProject section */
		E519766F26D6D3A500CEB1DE /* Project object */ = {
			isa = PBXProject;
			attributes = {
				LastSwiftUpdateCheck = 1250;
				LastUpgradeCheck = 1250;
				TargetAttributes = {
					E519767626D6D3A500CEB1DE = {
						CreatedOnToolsVersion = 12.5.1;
					};
				};
			};
			buildConfigurationList = E519767226D6D3A500CEB1DE /* Build configuration list for PBXProject "TriumphSwiftTest" */;
			compatibilityVersion = "Xcode 9.3";
			developmentRegion = en;
			hasScannedForEncodings = 0;
			knownRegions = (
				en,
				Base,
			);
			mainGroup = E519766E26D6D3A500CEB1DE;
			productRefGroup = E519767826D6D3A500CEB1DE /* Products */;
			projectDirPath = "";
			projectRoot = "";
			targets = (
				E519767626D6D3A500CEB1DE /* TriumphSwiftTest */,
			);
		};
/* End PBXProject section */

/* Begin PBXResourcesBuildPhase section */
		E519767526D6D3A500CEB1DE /* Resources */ = {
			isa = PBXResourcesBuildPhase;
			buildActionMask = 2147483647;
			files = (
				E519768726D6D3A600CEB1DE /* LaunchScreen.storyboard in Resources */,
				E519768426D6D3A600CEB1DE /* Assets.xcassets in Resources */,
				E519768226D6D3A500CEB1DE /* Main.storyboard in Resources */,
			);
			runOnlyForDeploymentPostprocessing = 0;
		};
/* End PBXResourcesBuildPhase section */

/* Begin PBXShellScriptBuildPhase section */
		5A2DBA0522FFE57E65338B3E /* [CP] Check Pods Manifest.lock */ = {
			isa = PBXShellScriptBuildPhase;
			buildActionMask = 2147483647;
			files = (
			);
			inputFileListPaths = (
			);
			inputPaths = (
				"${PODS_PODFILE_DIR_PATH}/Podfile.lock",
				"${PODS_ROOT}/Manifest.lock",
			);
			name = "[CP] Check Pods Manifest.lock";
			outputFileListPaths = (
			);
			outputPaths = (
				"$(DERIVED_FILE_DIR)/Pods-TriumphSwiftTest-checkManifestLockResult.txt",
			);
			runOnlyForDeploymentPostprocessing = 0;
			shellPath = /bin/sh;
			shellScript = "diff \"${PODS_PODFILE_DIR_PATH}/Podfile.lock\" \"${PODS_ROOT}/Manifest.lock\" > /dev/null\nif [ $? != 0 ] ; then\n    # print error to STDERR\n    echo \"error: The sandbox is not in sync with the Podfile.lock. Run 'pod install' or update your CocoaPods installation.\" >&2\n    exit 1\nfi\n# This output is used by Xcode 'outputs' to avoid re-running this script phase.\necho \"SUCCESS\" > \"${SCRIPT_OUTPUT_FILE_0}\"\n";
			showEnvVarsInLog = 0;
		};
/* End PBXShellScriptBuildPhase section */

/* Begin PBXSourcesBuildPhase section */
		E519767326D6D3A500CEB1DE /* Sources */ = {
			isa = PBXSourcesBuildPhase;
			buildActionMask = 2147483647;
			files = (
				E519767F26D6D3A500CEB1DE /* ViewController.swift in Sources */,
				E519767B26D6D3A500CEB1DE /* AppDelegate.swift in Sources */,
				E519767D26D6D3A500CEB1DE /* SceneDelegate.swift in Sources */,
			);
			runOnlyForDeploymentPostprocessing = 0;
		};
/* End PBXSourcesBuildPhase section */

/* Begin PBXVariantGroup section */
		E519768026D6D3A500CEB1DE /* Main.storyboard */ = {
			isa = PBXVariantGroup;
			children = (
				E519768126D6D3A500CEB1DE /* Base */,
			);
			name = Main.storyboard;
			sourceTree = "<group>";
		};
		E519768526D6D3A600CEB1DE /* LaunchScreen.storyboard */ = {
			isa = PBXVariantGroup;
			children = (
				E519768626D6D3A600CEB1DE /* Base */,
			);
			name = LaunchScreen.storyboard;
			sourceTree = "<group>";
		};
/* End PBXVariantGroup section */

/* Begin XCBuildConfiguration section */
		E519768926D6D3A600CEB1DE /* Debug */ = {
			isa = XCBuildConfiguration;
			buildSettings = {
				ALWAYS_SEARCH_USER_PATHS = NO;
				CLANG_ANALYZER_NONNULL = YES;
				CLANG_ANALYZER_NUMBER_OBJECT_CONVERSION = YES_AGGRESSIVE;
				CLANG_CXX_LANGUAGE_STANDARD = "gnu++14";
				CLANG_CXX_LIBRARY = "libc++";
				CLANG_ENABLE_MODULES = YES;
				CLANG_ENABLE_OBJC_ARC = YES;
				CLANG_ENABLE_OBJC_WEAK = YES;
				CLANG_WARN_BLOCK_CAPTURE_AUTORELEASING = YES;
				CLANG_WARN_BOOL_CONVERSION = YES;
				CLANG_WARN_COMMA = YES;
				CLANG_WARN_CONSTANT_CONVERSION = YES;
				CLANG_WARN_DEPRECATED_OBJC_IMPLEMENTATIONS = YES;
				CLANG_WARN_DIRECT_OBJC_ISA_USAGE = YES_ERROR;
				CLANG_WARN_DOCUMENTATION_COMMENTS = YES;
				CLANG_WARN_EMPTY_BODY = YES;
				CLANG_WARN_ENUM_CONVERSION = YES;
				CLANG_WARN_INFINITE_RECURSION = YES;
				CLANG_WARN_INT_CONVERSION = YES;
				CLANG_WARN_NON_LITERAL_NULL_CONVERSION = YES;
				CLANG_WARN_OBJC_IMPLICIT_RETAIN_SELF = YES;
				CLANG_WARN_OBJC_LITERAL_CONVERSION = YES;
				CLANG_WARN_OBJC_ROOT_CLASS = YES_ERROR;
				CLANG_WARN_QUOTED_INCLUDE_IN_FRAMEWORK_HEADER = YES;
				CLANG_WARN_RANGE_LOOP_ANALYSIS = YES;
				CLANG_WARN_STRICT_PROTOTYPES = YES;
				CLANG_WARN_SUSPICIOUS_MOVE = YES;
				CLANG_WARN_UNGUARDED_AVAILABILITY = YES_AGGRESSIVE;
				CLANG_WARN_UNREACHABLE_CODE = YES;
				CLANG_WARN__DUPLICATE_METHOD_MATCH = YES;
				COPY_PHASE_STRIP = NO;
				DEBUG_INFORMATION_FORMAT = dwarf;
				ENABLE_STRICT_OBJC_MSGSEND = YES;
				ENABLE_TESTABILITY = YES;
				GCC_C_LANGUAGE_STANDARD = gnu11;
				GCC_DYNAMIC_NO_PIC = NO;
				GCC_NO_COMMON_BLOCKS = YES;
				GCC_OPTIMIZATION_LEVEL = 0;
				GCC_PREPROCESSOR_DEFINITIONS = (
					"DEBUG=1",
					"$(inherited)",
				);
				GCC_WARN_64_TO_32_BIT_CONVERSION = YES;
				GCC_WARN_ABOUT_RETURN_TYPE = YES_ERROR;
				GCC_WARN_UNDECLARED_SELECTOR = YES;
				GCC_WARN_UNINITIALIZED_AUTOS = YES_AGGRESSIVE;
				GCC_WARN_UNUSED_FUNCTION = YES;
				GCC_WARN_UNUSED_VARIABLE = YES;
				IPHONEOS_DEPLOYMENT_TARGET = 14.5;
				MTL_ENABLE_DEBUG_INFO = INCLUDE_SOURCE;
				MTL_FAST_MATH = YES;
				ONLY_ACTIVE_ARCH = YES;
				SDKROOT = iphoneos;
				SWIFT_ACTIVE_COMPILATION_CONDITIONS = DEBUG;
				SWIFT_OPTIMIZATION_LEVEL = "-Onone";
			};
			name = Debug;
		};
		E519768A26D6D3A600CEB1DE /* Release */ = {
			isa = XCBuildConfiguration;
			buildSettings = {
				ALWAYS_SEARCH_USER_PATHS = NO;
				CLANG_ANALYZER_NONNULL = YES;
				CLANG_ANALYZER_NUMBER_OBJECT_CONVERSION = YES_AGGRESSIVE;
				CLANG_CXX_LANGUAGE_STANDARD = "gnu++14";
				CLANG_CXX_LIBRARY = "libc++";
				CLANG_ENABLE_MODULES = YES;
				CLANG_ENABLE_OBJC_ARC = YES;
				CLANG_ENABLE_OBJC_WEAK = YES;
				CLANG_WARN_BLOCK_CAPTURE_AUTORELEASING = YES;
				CLANG_WARN_BOOL_CONVERSION = YES;
				CLANG_WARN_COMMA = YES;
				CLANG_WARN_CONSTANT_CONVERSION = YES;
				CLANG_WARN_DEPRECATED_OBJC_IMPLEMENTATIONS = YES;
				CLANG_WARN_DIRECT_OBJC_ISA_USAGE = YES_ERROR;
				CLANG_WARN_DOCUMENTATION_COMMENTS = YES;
				CLANG_WARN_EMPTY_BODY = YES;
				CLANG_WARN_ENUM_CONVERSION = YES;
				CLANG_WARN_INFINITE_RECURSION = YES;
				CLANG_WARN_INT_CONVERSION = YES;
				CLANG_WARN_NON_LITERAL_NULL_CONVERSION = YES;
				CLANG_WARN_OBJC_IMPLICIT_RETAIN_SELF = YES;
				CLANG_WARN_OBJC_LITERAL_CONVERSION = YES;
				CLANG_WARN_OBJC_ROOT_CLASS = YES_ERROR;
				CLANG_WARN_QUOTED_INCLUDE_IN_FRAMEWORK_HEADER = YES;
				CLANG_WARN_RANGE_LOOP_ANALYSIS = YES;
				CLANG_WARN_STRICT_PROTOTYPES = YES;
				CLANG_WARN_SUSPICIOUS_MOVE = YES;
				CLANG_WARN_UNGUARDED_AVAILABILITY = YES_AGGRESSIVE;
				CLANG_WARN_UNREACHABLE_CODE = YES;
				CLANG_WARN__DUPLICATE_METHOD_MATCH = YES;
				COPY_PHASE_STRIP = NO;
				DEBUG_INFORMATION_FORMAT = "dwarf-with-dsym";
				ENABLE_NS_ASSERTIONS = NO;
				ENABLE_STRICT_OBJC_MSGSEND = YES;
				GCC_C_LANGUAGE_STANDARD = gnu11;
				GCC_NO_COMMON_BLOCKS = YES;
				GCC_WARN_64_TO_32_BIT_CONVERSION = YES;
				GCC_WARN_ABOUT_RETURN_TYPE = YES_ERROR;
				GCC_WARN_UNDECLARED_SELECTOR = YES;
				GCC_WARN_UNINITIALIZED_AUTOS = YES_AGGRESSIVE;
				GCC_WARN_UNUSED_FUNCTION = YES;
				GCC_WARN_UNUSED_VARIABLE = YES;
				IPHONEOS_DEPLOYMENT_TARGET = 14.5;
				MTL_ENABLE_DEBUG_INFO = NO;
				MTL_FAST_MATH = YES;
				SDKROOT = iphoneos;
				SWIFT_COMPILATION_MODE = wholemodule;
				SWIFT_OPTIMIZATION_LEVEL = "-O";
				VALIDATE_PRODUCT = YES;
			};
			name = Release;
		};
		E519768C26D6D3A600CEB1DE /* Debug */ = {
			isa = XCBuildConfiguration;
			baseConfigurationReference = C46BCBE10D658A234700C1F9 /* Pods-TriumphSwiftTest.debug.xcconfig */;
			buildSettings = {
				ASSETCATALOG_COMPILER_APPICON_NAME = AppIcon;
				ASSETCATALOG_COMPILER_GLOBAL_ACCENT_COLOR_NAME = AccentColor;
				CODE_SIGN_STYLE = Automatic;
				DEVELOPMENT_TEAM = ZS8UBT2BP7;
				INFOPLIST_FILE = TriumphSwiftTest/Info.plist;
				LD_RUNPATH_SEARCH_PATHS = (
					"$(inherited)",
					"@executable_path/Frameworks",
				);
				PRODUCT_BUNDLE_IDENTIFIER = app.TriumphSwiftTest.com.TriumphSwiftTest;
				PRODUCT_NAME = "$(TARGET_NAME)";
				SWIFT_VERSION = 5.0;
				TARGETED_DEVICE_FAMILY = "1,2";
			};
			name = Debug;
		};
		E519768D26D6D3A600CEB1DE /* Release */ = {
			isa = XCBuildConfiguration;
			baseConfigurationReference = BFAE9486D4DF7A229854B6FC /* Pods-TriumphSwiftTest.release.xcconfig */;
			buildSettings = {
				ASSETCATALOG_COMPILER_APPICON_NAME = AppIcon;
				ASSETCATALOG_COMPILER_GLOBAL_ACCENT_COLOR_NAME = AccentColor;
				CODE_SIGN_STYLE = Automatic;
				DEVELOPMENT_TEAM = ZS8UBT2BP7;
				INFOPLIST_FILE = TriumphSwiftTest/Info.plist;
				LD_RUNPATH_SEARCH_PATHS = (
					"$(inherited)",
					"@executable_path/Frameworks",
				);
				PRODUCT_BUNDLE_IDENTIFIER = app.TriumphSwiftTest.com.TriumphSwiftTest;
				PRODUCT_NAME = "$(TARGET_NAME)";
				SWIFT_VERSION = 5.0;
				TARGETED_DEVICE_FAMILY = "1,2";
			};
			name = Release;
		};
/* End XCBuildConfiguration section */

/* Begin XCConfigurationList section */
		E519767226D6D3A500CEB1DE /* Build configuration list for PBXProject "TriumphSwiftTest" */ = {
			isa = XCConfigurationList;
			buildConfigurations = (
				E519768926D6D3A600CEB1DE /* Debug */,
				E519768A26D6D3A600CEB1DE /* Release */,
			);
			defaultConfigurationIsVisible = 0;
			defaultConfigurationName = Release;
		};
		E519768B26D6D3A600CEB1DE /* Build configuration list for PBXNativeTarget "TriumphSwiftTest" */ = {
			isa = XCConfigurationList;
			buildConfigurations = (
				E519768C26D6D3A600CEB1DE /* Debug */,
				E519768D26D6D3A600CEB1DE /* Release */,
			);
			defaultConfigurationIsVisible = 0;
			defaultConfigurationName = Release;
		};
/* End XCConfigurationList section */
	};
	rootObject = E519766F26D6D3A500CEB1DE /* Project object */;
}
